
Microsoft Visual Studio Solution File, Format Version 12.00
# Visual Studio Version 17
VisualStudioVersion = 17.5.002.0
MinimumVisualStudioVersion = 10.0.40219.1
Project("{9A19103F-16F7-4668-BE54-9A1E7A4F7556}") = "Star-Scientist", "Star-Scientist.csproj", "{1994E11D-41FF-4E8D-A170-FF870EF8B9A4}"
EndProject
Global
	GlobalSection(SolutionConfigurationPlatforms) = preSolution
		Debug|Any CPU = Debug|Any CPU
		Release|Any CPU = Release|Any CPU
	EndGlobalSection
	GlobalSection(ProjectConfigurationPlatforms) = postSolution
		{1994E11D-41FF-4E8D-A170-FF870EF8B9A4}.Debug|Any CPU.ActiveCfg = Debug|Any CPU
		{1994E11D-41FF-4E8D-A170-FF870EF8B9A4}.Debug|Any CPU.Build.0 = Debug|Any CPU
		{1994E11D-41FF-4E8D-A170-FF870EF8B9A4}.Release|Any CPU.ActiveCfg = Release|Any CPU
		{1994E11D-41FF-4E8D-A170-FF870EF8B9A4}.Release|Any CPU.Build.0 = Release|Any CPU
	EndGlobalSection
	GlobalSection(SolutionProperties) = preSolution
		HideSolutionNode = FALSE
	EndGlobalSection
	GlobalSection(ExtensibilityGlobals) = postSolution
		SolutionGuid = {98A10BE2-FEF7-49E3-97AD-6E2AD065F0CE}
	EndGlobalSection
EndGlobal
